
Microsoft Visual Studio Solution File, Format Version 12.00
# Visual Studio Version 17
VisualStudioVersion = 17.7.34031.279
MinimumVisualStudioVersion = 10.0.40219.1
Project("{9A19103F-16F7-4668-BE54-9A1E7A4F7556}") = "Calendar", "Calendar\Calendar.csproj", "{12400F53-4990-4C82-9B79-231CABC3D0B3}"
EndProject
Global
	GlobalSection(SolutionConfigurationPlatforms) = preSolution
		Debug|Any CPU = Debug|Any CPU
		Release|Any CPU = Release|Any CPU
	EndGlobalSection
	GlobalSection(ProjectConfigurationPlatforms) = postSolution
		{12400F53-4990-4C82-9B79-231CABC3D0B3}.Debug|Any CPU.ActiveCfg = Debug|Any CPU
		{12400F53-4990-4C82-9B79-231CABC3D0B3}.Debug|Any CPU.Build.0 = Debug|Any CPU
		{12400F53-4990-4C82-9B79-231CABC3D0B3}.Release|Any CPU.ActiveCfg = Release|Any CPU
		{12400F53-4990-4C82-9B79-231CABC3D0B3}.Release|Any CPU.Build.0 = Release|Any CPU
	EndGlobalSection
	GlobalSection(SolutionProperties) = preSolution
		HideSolutionNode = FALSE
	EndGlobalSection
	GlobalSection(ExtensibilityGlobals) = postSolution
		SolutionGuid = {C7EA39BF-02CE-466F-B0E7-5FA334402A1F}
	EndGlobalSection
EndGlobal
